{
  "name": "static-server2",
  "version": "1.0.0",
  "lockfileVersion": 1,
  "requires": true,
  "dependencies": {
    "align-text": {
      "version": "https://registry.npm.taobao.org/align-text/download/align-text-0.1.4.tgz",
      "integrity": "sha1-DNkKVhCT810KmSVsIrcGlDP60Rc=",
      "requires": {
        "kind-of": "https://registry.npm.taobao.org/kind-of/download/kind-of-3.2.2.tgz",
        "longest": "https://registry.npm.taobao.org/longest/download/longest-1.0.1.tgz",
        "repeat-string": "https://registry.npm.taobao.org/repeat-string/download/repeat-string-1.6.1.tgz"
      }
    },
    "amdefine": {
      "version": "https://registry.npm.taobao.org/amdefine/download/amdefine-1.0.1.tgz",
      "integrity": "sha1-SlKCrBZHKek2Gbz9OtFR+BfOkfU="
    },
    "ansi-regex": {
      "version": "https://registry.npm.taobao.org/ansi-regex/download/ansi-regex-3.0.0.tgz",
      "integrity": "sha1-7QMXwyIGT3lGbAKWa922Bas32Zg="
    },
    "ansi-styles": {
      "version": "https://registry.npm.taobao.org/ansi-styles/download/ansi-styles-3.2.0.tgz",
      "integrity": "sha1-wVm41b4PnlpvNG2rlPFs4CIWG4g=",
      "requires": {
        "color-convert": "https://registry.npm.taobao.org/color-convert/download/color-convert-1.9.1.tgz"
      }
    },
    "async": {
      "version": "https://registry.npm.taobao.org/async/download/async-1.5.2.tgz",
      "integrity": "sha1-7GphrlZIDAw8skHJVhjiCJL5Zyo="
    },
    "camelcase": {
      "version": "https://registry.npm.taobao.org/camelcase/download/camelcase-4.1.0.tgz",
      "integrity": "sha1-1UVjW+HjPFQmScaRc+Xeas+uNN0="
    },
    "center-align": {
      "version": "https://registry.npm.taobao.org/center-align/download/center-align-0.1.3.tgz",
      "integrity": "sha1-qg0yYptu6XIgBBHL1EYckHvCt60=",
      "optional": true,
      "requires": {
        "align-text": "https://registry.npm.taobao.org/align-text/download/align-text-0.1.4.tgz",
        "lazy-cache": "https://registry.npm.taobao.org/lazy-cache/download/lazy-cache-1.0.4.tgz"
      }
    },
    "chalk": {
      "version": "https://registry.npm.taobao.org/chalk/download/chalk-2.3.1.tgz",
      "integrity": "sha1-Uj/iZ4rsewToBBkJKS/osXBZt5Y=",
      "requires": {
        "ansi-styles": "https://registry.npm.taobao.org/ansi-styles/download/ansi-styles-3.2.0.tgz",
        "escape-string-regexp": "https://registry.npm.taobao.org/escape-string-regexp/download/escape-string-regexp-1.0.5.tgz",
        "supports-color": "https://registry.npm.taobao.org/supports-color/download/supports-color-5.2.0.tgz"
      }
    },
    "cliui": {
      "version": "https://registry.npm.taobao.org/cliui/download/cliui-4.0.0.tgz",
      "integrity": "sha1-dD1GUOBfNtHtJXW1ljjYcyK/u8w=",
      "requires": {
        "string-width": "https://registry.npm.taobao.org/string-width/download/string-width-2.1.1.tgz",
        "strip-ansi": "https://registry.npm.taobao.org/strip-ansi/download/strip-ansi-4.0.0.tgz",
        "wrap-ansi": "https://registry.npm.taobao.org/wrap-ansi/download/wrap-ansi-2.1.0.tgz"
      }
    },
    "code-point-at": {
      "version": "https://registry.npm.taobao.org/code-point-at/download/code-point-at-1.1.0.tgz",
      "integrity": "sha1-DQcLTQQ6W+ozovGkDi7bPZpMz3c="
    },
    "color-convert": {
      "version": "https://registry.npm.taobao.org/color-convert/download/color-convert-1.9.1.tgz",
      "integrity": "sha1-wSYRB66y8pTr/+ye2eytUppgl+0=",
      "requires": {
        "color-name": "https://registry.npm.taobao.org/color-name/download/color-name-1.1.3.tgz"
      }
    },
    "color-name": {
      "version": "https://registry.npm.taobao.org/color-name/download/color-name-1.1.3.tgz",
      "integrity": "sha1-p9BVi9icQveV3UIyj3QIMcpTvCU="
    },
    "cross-spawn": {
      "version": "https://registry.npm.taobao.org/cross-spawn/download/cross-spawn-5.1.0.tgz",
      "integrity": "sha1-6L0O/uWPz/b4+UUQoKVUu/ojVEk=",
      "requires": {
        "lru-cache": "https://registry.npm.taobao.org/lru-cache/download/lru-cache-4.1.1.tgz",
        "shebang-command": "https://registry.npm.taobao.org/shebang-command/download/shebang-command-1.2.0.tgz",
        "which": "https://registry.npm.taobao.org/which/download/which-1.3.0.tgz"
      }
    },
    "decamelize": {
      "version": "https://registry.npm.taobao.org/decamelize/download/decamelize-1.2.0.tgz",
      "integrity": "sha1-9lNNFRSCabIDUue+4m9QH5oZEpA="
    },
    "escape-string-regexp": {
      "version": "https://registry.npm.taobao.org/escape-string-regexp/download/escape-string-regexp-1.0.5.tgz",
      "integrity": "sha1-G2HAViGQqN/2rjuyzwIAyhMLhtQ="
    },
    "execa": {
      "version": "https://registry.npm.taobao.org/execa/download/execa-0.7.0.tgz",
      "integrity": "sha1-lEvs00zEHuMqY6n68nrVpl/Fl3c=",
      "requires": {
        "cross-spawn": "https://registry.npm.taobao.org/cross-spawn/download/cross-spawn-5.1.0.tgz",
        "get-stream": "https://registry.npm.taobao.org/get-stream/download/get-stream-3.0.0.tgz",
        "is-stream": "https://registry.npm.taobao.org/is-stream/download/is-stream-1.1.0.tgz",
        "npm-run-path": "https://registry.npm.taobao.org/npm-run-path/download/npm-run-path-2.0.2.tgz",
        "p-finally": "https://registry.npm.taobao.org/p-finally/download/p-finally-1.0.0.tgz",
        "signal-exit": "https://registry.npm.taobao.org/signal-exit/download/signal-exit-3.0.2.tgz",
        "strip-eof": "https://registry.npm.taobao.org/strip-eof/download/strip-eof-1.0.0.tgz"
      }
    },
    "fd-slicer": {
      "version": "1.0.1",
      "resolved": "http://registry.npm.taobao.org/fd-slicer/download/fd-slicer-1.0.1.tgz",
      "integrity": "sha1-i1vL2ewyfFBBv5qwI/1nUPEXfmU=",
      "requires": {
        "pend": "1.2.0"
      }
    },
    "find-up": {
      "version": "https://registry.npm.taobao.org/find-up/download/find-up-2.1.0.tgz",
      "integrity": "sha1-RdG35QbHF93UgndaK3eSCjwMV6c=",
      "requires": {
        "locate-path": "https://registry.npm.taobao.org/locate-path/download/locate-path-2.0.0.tgz"
      }
    },
    "get-caller-file": {
      "version": "https://registry.npm.taobao.org/get-caller-file/download/get-caller-file-1.0.2.tgz",
      "integrity": "sha1-9wLmMSfn4jHBYKgMFVSstw1QR+U="
    },
    "get-stream": {
      "version": "https://registry.npm.taobao.org/get-stream/download/get-stream-3.0.0.tgz",
      "integrity": "sha1-jpQ9E1jcN1VQVOy+LtsFqhdO3hQ="
    },
    "handlebars": {
      "version": "https://registry.npm.taobao.org/handlebars/download/handlebars-4.0.11.tgz",
      "integrity": "sha1-Ywo13+ApS8KB7a5v/F0yn8eYLcw=",
      "requires": {
        "async": "https://registry.npm.taobao.org/async/download/async-1.5.2.tgz",
        "optimist": "https://registry.npm.taobao.org/optimist/download/optimist-0.6.1.tgz",
        "source-map": "https://registry.npm.taobao.org/source-map/download/source-map-0.4.4.tgz",
        "uglify-js": "https://registry.npm.taobao.org/uglify-js/download/uglify-js-2.8.29.tgz"
      }
    },
    "has-flag": {
      "version": "https://registry.npm.taobao.org/has-flag/download/has-flag-3.0.0.tgz",
      "integrity": "sha1-tdRU3CGZriJWmfNGfloH87lVuv0="
    },
    "invert-kv": {
      "version": "https://registry.npm.taobao.org/invert-kv/download/invert-kv-1.0.0.tgz",
      "integrity": "sha1-EEqOSqym09jNFXqO+L+rLXo//bY="
    },
    "is-buffer": {
      "version": "https://registry.npm.taobao.org/is-buffer/download/is-buffer-1.1.6.tgz",
      "integrity": "sha1-76ouqdqg16suoTqXsritUf776L4="
    },
    "is-fullwidth-code-point": {
      "version": "https://registry.npm.taobao.org/is-fullwidth-code-point/download/is-fullwidth-code-point-2.0.0.tgz",
      "integrity": "sha1-o7MKXE8ZkYMWeqq5O+764937ZU8="
    },
    "is-stream": {
      "version": "https://registry.npm.taobao.org/is-stream/download/is-stream-1.1.0.tgz",
      "integrity": "sha1-EtSj3U5o4Lec6428hBc66A2RykQ="
    },
    "isexe": {
      "version": "https://registry.npm.taobao.org/isexe/download/isexe-2.0.0.tgz",
      "integrity": "sha1-6PvzdNxVb/iUehDcsFctYz8s+hA="
    },
    "kind-of": {
      "version": "https://registry.npm.taobao.org/kind-of/download/kind-of-3.2.2.tgz",
      "integrity": "sha1-MeohpzS6ubuw8yRm2JOupR5KPGQ=",
      "requires": {
        "is-buffer": "https://registry.npm.taobao.org/is-buffer/download/is-buffer-1.1.6.tgz"
      }
    },
    "lazy-cache": {
      "version": "https://registry.npm.taobao.org/lazy-cache/download/lazy-cache-1.0.4.tgz",
      "integrity": "sha1-odePw6UEdMuAhF07O24dpJpEbo4=",
      "optional": true
    },
    "lcid": {
      "version": "https://registry.npm.taobao.org/lcid/download/lcid-1.0.0.tgz",
      "integrity": "sha1-MIrMr6C8SDo4Z7S28rlQYlHRuDU=",
      "requires": {
        "invert-kv": "https://registry.npm.taobao.org/invert-kv/download/invert-kv-1.0.0.tgz"
      }
    },
    "locate-path": {
      "version": "https://registry.npm.taobao.org/locate-path/download/locate-path-2.0.0.tgz",
      "integrity": "sha1-K1aLJl7slExtnA3pw9u7ygNUzY4=",
      "requires": {
        "p-locate": "https://registry.npm.taobao.org/p-locate/download/p-locate-2.0.0.tgz",
        "path-exists": "https://registry.npm.taobao.org/path-exists/download/path-exists-3.0.0.tgz"
      }
    },
    "longest": {
      "version": "https://registry.npm.taobao.org/longest/download/longest-1.0.1.tgz",
      "integrity": "sha1-MKCy2jj3N3DoKUoNIuZiXtd9AJc="
    },
    "lru-cache": {
      "version": "https://registry.npm.taobao.org/lru-cache/download/lru-cache-4.1.1.tgz",
      "integrity": "sha1-Yi4y6CSItJJ5EUpPns9F581rulU=",
      "requires": {
        "pseudomap": "https://registry.npm.taobao.org/pseudomap/download/pseudomap-1.0.2.tgz",
        "yallist": "https://registry.npm.taobao.org/yallist/download/yallist-2.1.2.tgz"
      }
    },
    "mem": {
      "version": "https://registry.npm.taobao.org/mem/download/mem-1.1.0.tgz",
      "integrity": "sha1-Xt1StIXKHZAP5kiVUFOZoN+kX3Y=",
      "requires": {
        "mimic-fn": "https://registry.npm.taobao.org/mimic-fn/download/mimic-fn-1.2.0.tgz"
      }
    },
    "mime": {
      "version": "https://registry.npm.taobao.org/mime/download/mime-2.2.0.tgz",
      "integrity": "sha1-Fh5UGWVVHTtUn6ERQ5Hjo9Vbkjs="
    },
    "mimic-fn": {
      "version": "https://registry.npm.taobao.org/mimic-fn/download/mimic-fn-1.2.0.tgz",
      "integrity": "sha1-ggyGo5M0ZA6ZUWkovQP8qIBX0CI="
    },
    "minimist": {
      "version": "https://registry.npm.taobao.org/minimist/download/minimist-0.0.10.tgz",
      "integrity": "sha1-3j+YVD2/lggr5IrRoMfNqDYwHc8="
    },
    "multiparty": {
      "version": "4.1.3",
      "resolved": "http://registry.npm.taobao.org/multiparty/download/multiparty-4.1.3.tgz",
      "integrity": "sha1-PEPH/LGJbhdGBDap3Qtu8WaOT5Q=",
      "requires": {
        "fd-slicer": "1.0.1"
      }
    },
    "npm-run-path": {
      "version": "https://registry.npm.taobao.org/npm-run-path/download/npm-run-path-2.0.2.tgz",
      "integrity": "sha1-NakjLfo11wZ7TLLd8jV7GHFTbF8=",
      "requires": {
        "path-key": "https://registry.npm.taobao.org/path-key/download/path-key-2.0.1.tgz"
      }
    },
    "number-is-nan": {
      "version": "https://registry.npm.taobao.org/number-is-nan/download/number-is-nan-1.0.1.tgz",
      "integrity": "sha1-CXtgK1NCKlIsGvuHkDGDNpQaAR0="
    },
    "optimist": {
      "version": "https://registry.npm.taobao.org/optimist/download/optimist-0.6.1.tgz",
      "integrity": "sha1-2j6nRob6IaGaERwybpDrFaAZZoY=",
      "requires": {
        "minimist": "https://registry.npm.taobao.org/minimist/download/minimist-0.0.10.tgz",
        "wordwrap": "https://registry.npm.taobao.org/wordwrap/download/wordwrap-0.0.3.tgz"
      }
    },
    "os-locale": {
      "version": "https://registry.npm.taobao.org/os-locale/download/os-locale-2.1.0.tgz",
      "integrity": "sha1-QrwpAKa1uL0XN2yOiCtlr8zyS/I=",
      "requires": {
        "execa": "https://registry.npm.taobao.org/execa/download/execa-0.7.0.tgz",
        "lcid": "https://registry.npm.taobao.org/lcid/download/lcid-1.0.0.tgz",
        "mem": "https://registry.npm.taobao.org/mem/download/mem-1.1.0.tgz"
      }
    },
    "p-finally": {
      "version": "https://registry.npm.taobao.org/p-finally/download/p-finally-1.0.0.tgz",
      "integrity": "sha1-P7z7FbiZpEEjs0ttzBi3JDNqLK4="
    },
    "p-limit": {
      "version": "https://registry.npm.taobao.org/p-limit/download/p-limit-1.2.0.tgz",
      "integrity": "sha1-DpK2vty1nwIsE9DxlJ3ILRWQnxw=",
      "requires": {
        "p-try": "https://registry.npm.taobao.org/p-try/download/p-try-1.0.0.tgz"
      }
    },
    "p-locate": {
      "version": "https://registry.npm.taobao.org/p-locate/download/p-locate-2.0.0.tgz",
      "integrity": "sha1-IKAQOyIqcMj9OcwuWAaA893l7EM=",
      "requires": {
        "p-limit": "https://registry.npm.taobao.org/p-limit/download/p-limit-1.2.0.tgz"
      }
    },
    "p-try": {
      "version": "https://registry.npm.taobao.org/p-try/download/p-try-1.0.0.tgz",
      "integrity": "sha1-y8ec26+P1CKOE/Yh8rGiN8GyB7M="
    },
    "path-exists": {
      "version": "https://registry.npm.taobao.org/path-exists/download/path-exists-3.0.0.tgz",
      "integrity": "sha1-zg6+ql94yxiSXqfYENe1mwEP1RU="
    },
    "path-key": {
      "version": "https://registry.npm.taobao.org/path-key/download/path-key-2.0.1.tgz",
      "integrity": "sha1-QRyttXTFoUDTpLGRDUDYDMn0C0A="
    },
    "pend": {
      "version": "1.2.0",
      "resolved": "http://registry.npm.taobao.org/pend/download/pend-1.2.0.tgz",
      "integrity": "sha1-elfrVQpng/kRUzH89GY9XI4AelA="
    },
    "pseudomap": {
      "version": "https://registry.npm.taobao.org/pseudomap/download/pseudomap-1.0.2.tgz",
      "integrity": "sha1-8FKijacOYYkX7wqKw0wa5aaChrM="
    },
    "repeat-string": {
      "version": "https://registry.npm.taobao.org/repeat-string/download/repeat-string-1.6.1.tgz",
      "integrity": "sha1-jcrkcOHIirwtYA//Sndihtp15jc="
    },
    "require-directory": {
      "version": "https://registry.npm.taobao.org/require-directory/download/require-directory-2.1.1.tgz",
      "integrity": "sha1-jGStX9MNqxyXbiNE/+f3kqam30I="
    },
    "require-main-filename": {
      "version": "https://registry.npm.taobao.org/require-main-filename/download/require-main-filename-1.0.1.tgz",
      "integrity": "sha1-l/cXtp1IeE9fUmpsWqj/3aBVpNE="
    },
    "right-align": {
      "version": "https://registry.npm.taobao.org/right-align/download/right-align-0.1.3.tgz",
      "integrity": "sha1-YTObci/mo1FWiSENJOFMlhSGE+8=",
      "optional": true,
      "requires": {
        "align-text": "https://registry.npm.taobao.org/align-text/download/align-text-0.1.4.tgz"
      }
    },
    "set-blocking": {
      "version": "http://r.cnpmjs.org/set-blocking/download/set-blocking-2.0.0.tgz",
      "integrity": "sha1-BF+XgtARrppoA93TgrJDkrPYkPc="
    },
    "shebang-command": {
      "version": "https://registry.npm.taobao.org/shebang-command/download/shebang-command-1.2.0.tgz",
      "integrity": "sha1-RKrGW2lbAzmJaMOfNj/uXer98eo=",
      "requires": {
        "shebang-regex": "https://registry.npm.taobao.org/shebang-regex/download/shebang-regex-1.0.0.tgz"
      }
    },
    "shebang-regex": {
      "version": "https://registry.npm.taobao.org/shebang-regex/download/shebang-regex-1.0.0.tgz",
      "integrity": "sha1-2kL0l0DAtC2yypcoVxyxkMmO/qM="
    },
    "signal-exit": {
      "version": "https://registry.npm.taobao.org/signal-exit/download/signal-exit-3.0.2.tgz",
      "integrity": "sha1-tf3AjxKH6hF4Yo5BXiUTK3NkbG0="
    },
    "source-map": {
      "version": "https://registry.npm.taobao.org/source-map/download/source-map-0.4.4.tgz",
      "integrity": "sha1-66T12pwNyZneaAMti092FzZSA2s=",
      "requires": {
        "amdefine": "https://registry.npm.taobao.org/amdefine/download/amdefine-1.0.1.tgz"
      }
    },
    "string-width": {
      "version": "https://registry.npm.taobao.org/string-width/download/string-width-2.1.1.tgz",
      "integrity": "sha1-q5Pyeo3BPSjKyBXEYhQ6bZASrp4=",
      "requires": {
        "is-fullwidth-code-point": "https://registry.npm.taobao.org/is-fullwidth-code-point/download/is-fullwidth-code-point-2.0.0.tgz",
        "strip-ansi": "https://registry.npm.taobao.org/strip-ansi/download/strip-ansi-4.0.0.tgz"
      }
    },
    "strip-ansi": {
      "version": "https://registry.npm.taobao.org/strip-ansi/download/strip-ansi-4.0.0.tgz",
      "integrity": "sha1-qEeQIusaw2iocTibY1JixQXuNo8=",
      "requires": {
        "ansi-regex": "https://registry.npm.taobao.org/ansi-regex/download/ansi-regex-3.0.0.tgz"
      }
    },
    "strip-eof": {
      "version": "https://registry.npm.taobao.org/strip-eof/download/strip-eof-1.0.0.tgz",
      "integrity": "sha1-u0P/VZim6wXYm1n80SnJgzE2Br8="
    },
    "supports-color": {
      "version": "https://registry.npm.taobao.org/supports-color/download/supports-color-5.2.0.tgz",
      "integrity": "sha1-sNUzOxGE3TZmy+WqC0XFrHrBeko=",
      "requires": {
        "has-flag": "https://registry.npm.taobao.org/has-flag/download/has-flag-3.0.0.tgz"
      }
    },
    "uglify-js": {
      "version": "https://registry.npm.taobao.org/uglify-js/download/uglify-js-2.8.29.tgz",
      "integrity": "sha1-KcVzMUgFe7Th913zW3qcty5qWd0=",
      "optional": true,
      "requires": {
        "source-map": "https://registry.npm.taobao.org/source-map/download/source-map-0.5.7.tgz",
        "uglify-to-browserify": "https://registry.npm.taobao.org/uglify-to-browserify/download/uglify-to-browserify-1.0.2.tgz",
        "yargs": "https://registry.npm.taobao.org/yargs/download/yargs-3.10.0.tgz"
      },
      "dependencies": {
        "camelcase": {
          "version": "https://registry.npm.taobao.org/camelcase/download/camelcase-1.2.1.tgz",
          "integrity": "sha1-m7UwTS4LVmmLLHWLCKPqqdqlijk=",
          "optional": true
        },
        "cliui": {
          "version": "https://registry.npm.taobao.org/cliui/download/cliui-2.1.0.tgz",
          "integrity": "sha1-S0dXYP+AJkx2LDoXGQMukcf+oNE=",
          "optional": true,
          "requires": {
            "center-align": "https://registry.npm.taobao.org/center-align/download/center-align-0.1.3.tgz",
            "right-align": "https://registry.npm.taobao.org/right-align/download/right-align-0.1.3.tgz",
            "wordwrap": "https://registry.npm.taobao.org/wordwrap/download/wordwrap-0.0.2.tgz"
          }
        },
        "source-map": {
          "version": "https://registry.npm.taobao.org/source-map/download/source-map-0.5.7.tgz",
          "integrity": "sha1-igOdLRAh0i0eoUyA2OpGi6LvP8w=",
          "optional": true
        },
        "wordwrap": {
          "version": "https://registry.npm.taobao.org/wordwrap/download/wordwrap-0.0.2.tgz",
          "integrity": "sha1-t5Zpu0LstAn4PVg8rVLKF+qhZD8=",
          "optional": true
        },
        "yargs": {
          "version": "https://registry.npm.taobao.org/yargs/download/yargs-3.10.0.tgz",
          "integrity": "sha1-9+572FfdfB0tOMDnTvvWgdFDH9E=",
          "optional": true,
          "requires": {
            "camelcase": "https://registry.npm.taobao.org/camelcase/download/camelcase-1.2.1.tgz",
            "cliui": "https://registry.npm.taobao.org/cliui/download/cliui-2.1.0.tgz",
            "decamelize": "https://registry.npm.taobao.org/decamelize/download/decamelize-1.2.0.tgz",
            "window-size": "http://r.cnpmjs.org/window-size/download/window-size-0.1.0.tgz"
          }
        }
      }
    },
    "uglify-to-browserify": {
      "version": "https://registry.npm.taobao.org/uglify-to-browserify/download/uglify-to-browserify-1.0.2.tgz",
      "integrity": "sha1-bgkk1r2mta/jSeOabWMoUKD4grc=",
      "optional": true
    },
    "which": {
      "version": "https://registry.npm.taobao.org/which/download/which-1.3.0.tgz",
      "integrity": "sha1-/wS9/AEO5UfXgL7DjhrBwnd9JTo=",
      "requires": {
        "isexe": "https://registry.npm.taobao.org/isexe/download/isexe-2.0.0.tgz"
      }
    },
    "which-module": {
      "version": "https://registry.npm.taobao.org/which-module/download/which-module-2.0.0.tgz",
      "integrity": "sha1-2e8H3Od7mQK4o6j6SzHD4/fm6Ho="
    },
    "window-size": {
      "version": "http://r.cnpmjs.org/window-size/download/window-size-0.1.0.tgz",
      "integrity": "sha1-VDjNLqk7IC76Ohn+iIeu58lPnJ0=",
      "optional": true
    },
    "wordwrap": {
      "version": "https://registry.npm.taobao.org/wordwrap/download/wordwrap-0.0.3.tgz",
      "integrity": "sha1-o9XabNXAvAAI03I0u68b7WMFkQc="
    },
    "wrap-ansi": {
      "version": "https://registry.npm.taobao.org/wrap-ansi/download/wrap-ansi-2.1.0.tgz",
      "integrity": "sha1-2Pw9KE3QV5T+hJc8rs3Rz4JP3YU=",
      "requires": {
        "string-width": "https://registry.npm.taobao.org/string-width/download/string-width-1.0.2.tgz",
        "strip-ansi": "https://registry.npm.taobao.org/strip-ansi/download/strip-ansi-3.0.1.tgz"
      },
      "dependencies": {
        "ansi-regex": {
          "version": "https://registry.npm.taobao.org/ansi-regex/download/ansi-regex-2.1.1.tgz",
          "integrity": "sha1-w7M6te42DYbg5ijwRorn7yfWVN8="
        },
        "is-fullwidth-code-point": {
          "version": "https://registry.npm.taobao.org/is-fullwidth-code-point/download/is-fullwidth-code-point-1.0.0.tgz",
          "integrity": "sha1-754xOG8DGn8NZDr4L95QxFfvAMs=",
          "requires": {
            "number-is-nan": "https://registry.npm.taobao.org/number-is-nan/download/number-is-nan-1.0.1.tgz"
          }
        },
        "string-width": {
          "version": "https://registry.npm.taobao.org/string-width/download/string-width-1.0.2.tgz",
          "integrity": "sha1-EYvfW4zcUaKn5w0hHgfisLmxB9M=",
          "requires": {
            "code-point-at": "https://registry.npm.taobao.org/code-point-at/download/code-point-at-1.1.0.tgz",
            "is-fullwidth-code-point": "https://registry.npm.taobao.org/is-fullwidth-code-point/download/is-fullwidth-code-point-1.0.0.tgz",
            "strip-ansi": "https://registry.npm.taobao.org/strip-ansi/download/strip-ansi-3.0.1.tgz"
          }
        },
        "strip-ansi": {
          "version": "https://registry.npm.taobao.org/strip-ansi/download/strip-ansi-3.0.1.tgz",
          "integrity": "sha1-ajhfuIU9lS1f8F0Oiq+UJ43GPc8=",
          "requires": {
            "ansi-regex": "https://registry.npm.taobao.org/ansi-regex/download/ansi-regex-2.1.1.tgz"
          }
        }
      }
    },
    "y18n": {
      "version": "https://registry.npm.taobao.org/y18n/download/y18n-3.2.1.tgz",
      "integrity": "sha1-bRX7qITAhnnA136I53WegR4H+kE="
    },
    "yallist": {
      "version": "https://registry.npm.taobao.org/yallist/download/yallist-2.1.2.tgz",
      "integrity": "sha1-HBH5IY8HYImkfdUS+TxmmaaoHVI="
    },
    "yargs": {
      "version": "https://registry.npm.taobao.org/yargs/download/yargs-11.0.0.tgz",
      "integrity": "sha1-wFKTEAbF7udGEOX8A1S+39CKIBs=",
      "requires": {
        "cliui": "https://registry.npm.taobao.org/cliui/download/cliui-4.0.0.tgz",
        "decamelize": "https://registry.npm.taobao.org/decamelize/download/decamelize-1.2.0.tgz",
        "find-up": "https://registry.npm.taobao.org/find-up/download/find-up-2.1.0.tgz",
        "get-caller-file": "https://registry.npm.taobao.org/get-caller-file/download/get-caller-file-1.0.2.tgz",
        "os-locale": "https://registry.npm.taobao.org/os-locale/download/os-locale-2.1.0.tgz",
        "require-directory": "https://registry.npm.taobao.org/require-directory/download/require-directory-2.1.1.tgz",
        "require-main-filename": "https://registry.npm.taobao.org/require-main-filename/download/require-main-filename-1.0.1.tgz",
        "set-blocking": "http://r.cnpmjs.org/set-blocking/download/set-blocking-2.0.0.tgz",
        "string-width": "https://registry.npm.taobao.org/string-width/download/string-width-2.1.1.tgz",
        "which-module": "https://registry.npm.taobao.org/which-module/download/which-module-2.0.0.tgz",
        "y18n": "https://registry.npm.taobao.org/y18n/download/y18n-3.2.1.tgz",
        "yargs-parser": "https://registry.npm.taobao.org/yargs-parser/download/yargs-parser-9.0.2.tgz"
      }
    },
    "yargs-parser": {
      "version": "https://registry.npm.taobao.org/yargs-parser/download/yargs-parser-9.0.2.tgz",
      "integrity": "sha1-nM9qQ0YP5O1Aqbto9I1DuKaMwHc=",
      "requires": {
        "camelcase": "https://registry.npm.taobao.org/camelcase/download/camelcase-4.1.0.tgz"
      }
    }
  }
}
